{
    "name": "idelearn-exercise-editor",
    "version": "0.0.0",
    "lockfileVersion": 1,
    "requires": true,
    "dependencies": {
        "@types/adm-zip": {
            "version": "0.4.33",
            "resolved": "https://registry.npmjs.org/@types/adm-zip/-/adm-zip-0.4.33.tgz",
            "integrity": "sha512-WM0DCWFLjXtddl0fu0+iN2ZF+qz8RF9RddG5OSy/S90AQz01Fu8lHn/3oTIZDxvG8gVcnBLAHMHOdBLbV6m6Mw==",
            "requires": {
                "@types/node": "*"
            }
        },
        "@types/node": {
            "version": "14.14.20",
            "resolved": "https://registry.npmjs.org/@types/node/-/node-14.14.20.tgz",
            "integrity": "sha512-Y93R97Ouif9JEOWPIUyU+eyIdyRqQR0I8Ez1dzku4hDx34NWh4HbtIc3WNzwB1Y9ULvNGeu5B8h8bVL5cAk4/A=="
        },
        "adm-zip": {
            "version": "0.5.1",
            "resolved": "https://registry.npmjs.org/adm-zip/-/adm-zip-0.5.1.tgz",
            "integrity": "sha512-a5ABmIFUJ9OxHV5zrXM9Q41JzpRIflFtdgpL4UQM9DsTHHxQzPRaeyAdnMW7kxL0NRWm/NHafJdj6pO+ty7L2g=="
        },
        "uuid": {
            "version": "8.3.2",
            "resolved": "https://registry.npmjs.org/uuid/-/uuid-8.3.2.tgz",
            "integrity": "sha512-+NYs2QeMWy+GWFOEm9xnn6HCDp0l7QBD7ml8zLUmJ+93Q5NF0NocErnwkTkXVFNiX3/fpC6afS8Dhb/gz7R7eg=="
        }
    }
}
