{
    "name": "idelearn-exercise-editor",
    "version": "0.0.0",
    "lockfileVersion": 1,
    "requires": true,
    "dependencies": {
        "@types/adm-zip": {
            "version": "0.4.33",
            "resolved": "https://registry.npmjs.org/@types/adm-zip/-/adm-zip-0.4.33.tgz",
            "integrity": "sha512-WM0DCWFLjXtddl0fu0+iN2ZF+qz8RF9RddG5OSy/S90AQz01Fu8lHn/3oTIZDxvG8gVcnBLAHMHOdBLbV6m6Mw==",
            "dev": true,
            "requires": {
                "@types/node": "*"
            }
        },
        "@types/node": {
            "version": "14.14.13",
            "resolved": "https://registry.npmjs.org/@types/node/-/node-14.14.13.tgz",
            "integrity": "sha512-vbxr0VZ8exFMMAjCW8rJwaya0dMCDyYW2ZRdTyjtrCvJoENMpdUHOT/eTzvgyA5ZnqRZ/sI0NwqAxNHKYokLJQ==",
            "dev": true
        }
    }
}
